
Microsoft Visual Studio Solution File, Format Version 11.00
# Visual Studio 2010
Project("{FAE04EC0-301F-11D3-BF4B-00C04F79EFBC}") = "Unity-QR-Scanner", "Assembly-CSharp.csproj", "{6A06464A-A447-6F13-7489-26E8221CC6F9}"
EndProject
Project("{FAE04EC0-301F-11D3-BF4B-00C04F79EFBC}") = "Unity-QR-Scanner", "Assembly-CSharp-Editor-firstpass.csproj", "{257D0022-526C-6266-CC77-441DC665F06A}"
EndProject
Project("{FAE04EC0-301F-11D3-BF4B-00C04F79EFBC}") = "Unity-QR-Scanner", "Assembly-CSharp-Editor.csproj", "{C79BE9E4-1ED4-ADCB-1BE0-B6B5971660F0}"
EndProject
Global
	GlobalSection(SolutionConfigurationPlatforms) = preSolution
		Debug|Any CPU = Debug|Any CPU
		Release|Any CPU = Release|Any CPU
	EndGlobalSection
	GlobalSection(ProjectConfigurationPlatforms) = postSolution
		{6A06464A-A447-6F13-7489-26E8221CC6F9}.Debug|Any CPU.ActiveCfg = Debug|Any CPU
		{6A06464A-A447-6F13-7489-26E8221CC6F9}.Debug|Any CPU.Build.0 = Debug|Any CPU
		{6A06464A-A447-6F13-7489-26E8221CC6F9}.Release|Any CPU.ActiveCfg = Release|Any CPU
		{6A06464A-A447-6F13-7489-26E8221CC6F9}.Release|Any CPU.Build.0 = Release|Any CPU
		{257D0022-526C-6266-CC77-441DC665F06A}.Debug|Any CPU.ActiveCfg = Debug|Any CPU
		{257D0022-526C-6266-CC77-441DC665F06A}.Debug|Any CPU.Build.0 = Debug|Any CPU
		{257D0022-526C-6266-CC77-441DC665F06A}.Release|Any CPU.ActiveCfg = Release|Any CPU
		{257D0022-526C-6266-CC77-441DC665F06A}.Release|Any CPU.Build.0 = Release|Any CPU
		{C79BE9E4-1ED4-ADCB-1BE0-B6B5971660F0}.Debug|Any CPU.ActiveCfg = Debug|Any CPU
		{C79BE9E4-1ED4-ADCB-1BE0-B6B5971660F0}.Debug|Any CPU.Build.0 = Debug|Any CPU
		{C79BE9E4-1ED4-ADCB-1BE0-B6B5971660F0}.Release|Any CPU.ActiveCfg = Release|Any CPU
		{C79BE9E4-1ED4-ADCB-1BE0-B6B5971660F0}.Release|Any CPU.Build.0 = Release|Any CPU
	EndGlobalSection
	GlobalSection(SolutionProperties) = preSolution
		HideSolutionNode = FALSE
	EndGlobalSection
	GlobalSection(MonoDevelopProperties) = preSolution
		StartupItem = Assembly-CSharp.csproj
	EndGlobalSection
EndGlobal
